
Microsoft Visual Studio Solution File, Format Version 12.00
# Visual Studio Version 16
VisualStudioVersion = 16.0.33328.57
MinimumVisualStudioVersion = 10.0.40219.1
Project("{FAE04EC0-301F-11D3-BF4B-00C04F79EFBC}") = "ConsoleApp1", "ConsoleApp1\ConsoleApp1.csproj", "{948318DC-98C3-4BF3-9B3E-6D13685E3F79}"
EndProject
Global
	GlobalSection(SolutionConfigurationPlatforms) = preSolution
		Debug|Any CPU = Debug|Any CPU
		Release|Any CPU = Release|Any CPU
	EndGlobalSection
	GlobalSection(ProjectConfigurationPlatforms) = postSolution
		{948318DC-98C3-4BF3-9B3E-6D13685E3F79}.Debug|Any CPU.ActiveCfg = Debug|Any CPU
		{948318DC-98C3-4BF3-9B3E-6D13685E3F79}.Debug|Any CPU.Build.0 = Debug|Any CPU
		{948318DC-98C3-4BF3-9B3E-6D13685E3F79}.Release|Any CPU.ActiveCfg = Release|Any CPU
		{948318DC-98C3-4BF3-9B3E-6D13685E3F79}.Release|Any CPU.Build.0 = Release|Any CPU
	EndGlobalSection
	GlobalSection(SolutionProperties) = preSolution
		HideSolutionNode = FALSE
	EndGlobalSection
	GlobalSection(ExtensibilityGlobals) = postSolution
		SolutionGuid = {10232738-EE7F-4765-9289-98C77C4F124C}
	EndGlobalSection
EndGlobal
